// !$*UTF8*$!
{
	archiveVersion = 1;
	classes = {
	};
	objectVersion = 50;
	objects = {

/* Begin PBXBuildFile section */
		9234E8F823F8CF4600B6BD52 /* AppDelegate.swift in Sources */ = {isa = PBXBuildFile; fileRef = 9234E8F723F8CF4600B6BD52 /* AppDelegate.swift */; };
		9234E8FA23F8CF4600B6BD52 /* SceneDelegate.swift in Sources */ = {isa = PBXBuildFile; fileRef = 9234E8F923F8CF4600B6BD52 /* SceneDelegate.swift */; };
		9234E8FC23F8CF4600B6BD52 /* ViewController.swift in Sources */ = {isa = PBXBuildFile; fileRef = 9234E8FB23F8CF4600B6BD52 /* ViewController.swift */; };
		9234E8FF23F8CF4600B6BD52 /* Main.storyboard in Resources */ = {isa = PBXBuildFile; fileRef = 9234E8FD23F8CF4600B6BD52 /* Main.storyboard */; };
		9234E90123F8CF4800B6BD52 /* Assets.xcassets in Resources */ = {isa = PBXBuildFile; fileRef = 9234E90023F8CF4800B6BD52 /* Assets.xcassets */; };
		9234E90423F8CF4800B6BD52 /* LaunchScreen.storyboard in Resources */ = {isa = PBXBuildFile; fileRef = 9234E90223F8CF4800B6BD52 /* LaunchScreen.storyboard */; };
		9234E90F23F8CF4900B6BD52 /* frontend_iosTests.swift in Sources */ = {isa = PBXBuildFile; fileRef = 9234E90E23F8CF4900B6BD52 /* frontend_iosTests.swift */; };
		9234E91A23F8CF4900B6BD52 /* frontend_iosUITests.swift in Sources */ = {isa = PBXBuildFile; fileRef = 9234E91923F8CF4900B6BD52 /* frontend_iosUITests.swift */; };
/* End PBXBuildFile section */

/* Begin PBXContainerItemProxy section */
		9234E90B23F8CF4900B6BD52 /* PBXContainerItemProxy */ = {
			isa = PBXContainerItemProxy;
			containerPortal = 9234E8EC23F8CF4600B6BD52 /* Project object */;
			proxyType = 1;
			remoteGlobalIDString = 9234E8F323F8CF4600B6BD52;
			remoteInfo = "frontend-ios";
		};
		9234E91623F8CF4900B6BD52 /* PBXContainerItemProxy */ = {
			isa = PBXContainerItemProxy;
			containerPortal = 9234E8EC23F8CF4600B6BD52 /* Project object */;
			proxyType = 1;
			remoteGlobalIDString = 9234E8F323F8CF4600B6BD52;
			remoteInfo = "frontend-ios";
		};
/* End PBXContainerItemProxy section */

/* Begin PBXFileReference section */
		9234E8F423F8CF4600B6BD52 /* frontend-ios.app */ = {isa = PBXFileReference; explicitFileType = wrapper.application; includeInIndex = 0; path = "frontend-ios.app"; sourceTree = BUILT_PRODUCTS_DIR; };
		9234E8F723F8CF4600B6BD52 /* AppDelegate.swift */ = {isa = PBXFileReference; lastKnownFileType = sourcecode.swift; path = AppDelegate.swift; sourceTree = "<group>"; };
		9234E8F923F8CF4600B6BD52 /* SceneDelegate.swift */ = {isa = PBXFileReference; lastKnownFileType = sourcecode.swift; path = SceneDelegate.swift; sourceTree = "<group>"; };
		9234E8FB23F8CF4600B6BD52 /* ViewController.swift */ = {isa = PBXFileReference; lastKnownFileType = sourcecode.swift; path = ViewController.swift; sourceTree = "<group>"; };
		9234E8FE23F8CF4600B6BD52 /* Base */ = {isa = PBXFileReference; lastKnownFileType = file.storyboard; name = Base; path = Base.lproj/Main.storyboard; sourceTree = "<group>"; };
		9234E90023F8CF4800B6BD52 /* Assets.xcassets */ = {isa = PBXFileReference; lastKnownFileType = folder.assetcatalog; path = Assets.xcassets; sourceTree = "<group>"; };
		9234E90323F8CF4800B6BD52 /* Base */ = {isa = PBXFileReference; lastKnownFileType = file.storyboard; name = Base; path = Base.lproj/LaunchScreen.storyboard; sourceTree = "<group>"; };
		9234E90523F8CF4800B6BD52 /* Info.plist */ = {isa = PBXFileReference; lastKnownFileType = text.plist.xml; path = Info.plist; sourceTree = "<group>"; };
		9234E90A23F8CF4900B6BD52 /* frontend-iosTests.xctest */ = {isa = PBXFileReference; explicitFileType = wrapper.cfbundle; includeInIndex = 0; path = "frontend-iosTests.xctest"; sourceTree = BUILT_PRODUCTS_DIR; };
		9234E90E23F8CF4900B6BD52 /* frontend_iosTests.swift */ = {isa = PBXFileReference; lastKnownFileType = sourcecode.swift; path = frontend_iosTests.swift; sourceTree = "<group>"; };
		9234E91023F8CF4900B6BD52 /* Info.plist */ = {isa = PBXFileReference; lastKnownFileType = text.plist.xml; path = Info.plist; sourceTree = "<group>"; };
		9234E91523F8CF4900B6BD52 /* frontend-iosUITests.xctest */ = {isa = PBXFileReference; explicitFileType = wrapper.cfbundle; includeInIndex = 0; path = "frontend-iosUITests.xctest"; sourceTree = BUILT_PRODUCTS_DIR; };
		9234E91923F8CF4900B6BD52 /* frontend_iosUITests.swift */ = {isa = PBXFileReference; lastKnownFileType = sourcecode.swift; path = frontend_iosUITests.swift; sourceTree = "<group>"; };
		9234E91B23F8CF4900B6BD52 /* Info.plist */ = {isa = PBXFileReference; lastKnownFileType = text.plist.xml; path = Info.plist; sourceTree = "<group>"; };
/* End PBXFileReference section */

/* Begin PBXFrameworksBuildPhase section */
		9234E8F123F8CF4600B6BD52 /* Frameworks */ = {
			isa = PBXFrameworksBuildPhase;
			buildActionMask = 2147483647;
			files = (
			);
			runOnlyForDeploymentPostprocessing = 0;
		};
		9234E90723F8CF4900B6BD52 /* Frameworks */ = {
			isa = PBXFrameworksBuildPhase;
			buildActionMask = 2147483647;
			files = (
			);
			runOnlyForDeploymentPostprocessing = 0;
		};
		9234E91223F8CF4900B6BD52 /* Frameworks */ = {
			isa = PBXFrameworksBuildPhase;
			buildActionMask = 2147483647;
			files = (
			);
			runOnlyForDeploymentPostprocessing = 0;
		};
/* End PBXFrameworksBuildPhase section */

/* Begin PBXGroup section */
		9234E8EB23F8CF4600B6BD52 = {
			isa = PBXGroup;
			children = (
				9234E8F623F8CF4600B6BD52 /* frontend-ios */,
				9234E90D23F8CF4900B6BD52 /* frontend-iosTests */,
				9234E91823F8CF4900B6BD52 /* frontend-iosUITests */,
				9234E8F523F8CF4600B6BD52 /* Products */,
			);
			sourceTree = "<group>";
		};
		9234E8F523F8CF4600B6BD52 /* Products */ = {
			isa = PBXGroup;
			children = (
				9234E8F423F8CF4600B6BD52 /* frontend-ios.app */,
				9234E90A23F8CF4900B6BD52 /* frontend-iosTests.xctest */,
				9234E91523F8CF4900B6BD52 /* frontend-iosUITests.xctest */,
			);
			name = Products;
			sourceTree = "<group>";
		};
		9234E8F623F8CF4600B6BD52 /* frontend-ios */ = {
			isa = PBXGroup;
			children = (
				9234E8F723F8CF4600B6BD52 /* AppDelegate.swift */,
				9234E8F923F8CF4600B6BD52 /* SceneDelegate.swift */,
				9234E8FB23F8CF4600B6BD52 /* ViewController.swift */,
				9234E8FD23F8CF4600B6BD52 /* Main.storyboard */,
				9234E90023F8CF4800B6BD52 /* Assets.xcassets */,
				9234E90223F8CF4800B6BD52 /* LaunchScreen.storyboard */,
				9234E90523F8CF4800B6BD52 /* Info.plist */,
			);
			path = "frontend-ios";
			sourceTree = "<group>";
		};
		9234E90D23F8CF4900B6BD52 /* frontend-iosTests */ = {
			isa = PBXGroup;
			children = (
				9234E90E23F8CF4900B6BD52 /* frontend_iosTests.swift */,
				9234E91023F8CF4900B6BD52 /* Info.plist */,
			);
			path = "frontend-iosTests";
			sourceTree = "<group>";
		};
		9234E91823F8CF4900B6BD52 /* frontend-iosUITests */ = {
			isa = PBXGroup;
			children = (
				9234E91923F8CF4900B6BD52 /* frontend_iosUITests.swift */,
				9234E91B23F8CF4900B6BD52 /* Info.plist */,
			);
			path = "frontend-iosUITests";
			sourceTree = "<group>";
		};
/* End PBXGroup section */

/* Begin PBXNativeTarget section */
		9234E8F323F8CF4600B6BD52 /* frontend-ios */ = {
			isa = PBXNativeTarget;
			buildConfigurationList = 9234E91E23F8CF4900B6BD52 /* Build configuration list for PBXNativeTarget "frontend-ios" */;
			buildPhases = (
				9234E8F023F8CF4600B6BD52 /* Sources */,
				9234E8F123F8CF4600B6BD52 /* Frameworks */,
				9234E8F223F8CF4600B6BD52 /* Resources */,
			);
			buildRules = (
			);
			dependencies = (
			);
			name = "frontend-ios";
			productName = "frontend-ios";
			productReference = 9234E8F423F8CF4600B6BD52 /* frontend-ios.app */;
			productType = "com.apple.product-type.application";
		};
		9234E90923F8CF4900B6BD52 /* frontend-iosTests */ = {
			isa = PBXNativeTarget;
			buildConfigurationList = 9234E92123F8CF4900B6BD52 /* Build configuration list for PBXNativeTarget "frontend-iosTests" */;
			buildPhases = (
				9234E90623F8CF4900B6BD52 /* Sources */,
				9234E90723F8CF4900B6BD52 /* Frameworks */,
				9234E90823F8CF4900B6BD52 /* Resources */,
			);
			buildRules = (
			);
			dependencies = (
				9234E90C23F8CF4900B6BD52 /* PBXTargetDependency */,
			);
			name = "frontend-iosTests";
			productName = "frontend-iosTests";
			productReference = 9234E90A23F8CF4900B6BD52 /* frontend-iosTests.xctest */;
			productType = "com.apple.product-type.bundle.unit-test";
		};
		9234E91423F8CF4900B6BD52 /* frontend-iosUITests */ = {
			isa = PBXNativeTarget;
			buildConfigurationList = 9234E92423F8CF4900B6BD52 /* Build configuration list for PBXNativeTarget "frontend-iosUITests" */;
			buildPhases = (
				9234E91123F8CF4900B6BD52 /* Sources */,
				9234E91223F8CF4900B6BD52 /* Frameworks */,
				9234E91323F8CF4900B6BD52 /* Resources */,
			);
			buildRules = (
			);
			dependencies = (
				9234E91723F8CF4900B6BD52 /* PBXTargetDependency */,
			);
			name = "frontend-iosUITests";
			productName = "frontend-iosUITests";
			productReference = 9234E91523F8CF4900B6BD52 /* frontend-iosUITests.xctest */;
			productType = "com.apple.product-type.bundle.ui-testing";
		};
/* End PBXNativeTarget section */

/* Begin PBXProject section */
		9234E8EC23F8CF4600B6BD52 /* Project object */ = {
			isa = PBXProject;
			attributes = {
				LastSwiftUpdateCheck = 1120;
				LastUpgradeCheck = 1120;
				ORGANIZATIONNAME = "Aryan Inc.";
				TargetAttributes = {
					9234E8F323F8CF4600B6BD52 = {
						CreatedOnToolsVersion = 11.2.1;
					};
					9234E90923F8CF4900B6BD52 = {
						CreatedOnToolsVersion = 11.2.1;
						TestTargetID = 9234E8F323F8CF4600B6BD52;
					};
					9234E91423F8CF4900B6BD52 = {
						CreatedOnToolsVersion = 11.2.1;
						TestTargetID = 9234E8F323F8CF4600B6BD52;
					};
				};
			};
			buildConfigurationList = 9234E8EF23F8CF4600B6BD52 /* Build configuration list for PBXProject "frontend-ios" */;
			compatibilityVersion = "Xcode 9.3";
			developmentRegion = en;
			hasScannedForEncodings = 0;
			knownRegions = (
				en,
				Base,
			);
			mainGroup = 9234E8EB23F8CF4600B6BD52;
			productRefGroup = 9234E8F523F8CF4600B6BD52 /* Products */;
			projectDirPath = "";
			projectRoot = "";
			targets = (
				9234E8F323F8CF4600B6BD52 /* frontend-ios */,
				9234E90923F8CF4900B6BD52 /* frontend-iosTests */,
				9234E91423F8CF4900B6BD52 /* frontend-iosUITests */,
			);
		};
/* End PBXProject section */

/* Begin PBXResourcesBuildPhase section */
		9234E8F223F8CF4600B6BD52 /* Resources */ = {
			isa = PBXResourcesBuildPhase;
			buildActionMask = 2147483647;
			files = (
				9234E90423F8CF4800B6BD52 /* LaunchScreen.storyboard in Resources */,
				9234E90123F8CF4800B6BD52 /* Assets.xcassets in Resources */,
				9234E8FF23F8CF4600B6BD52 /* Main.storyboard in Resources */,
			);
			runOnlyForDeploymentPostprocessing = 0;
		};
		9234E90823F8CF4900B6BD52 /* Resources */ = {
			isa = PBXResourcesBuildPhase;
			buildActionMask = 2147483647;
			files = (
			);
			runOnlyForDeploymentPostprocessing = 0;
		};
		9234E91323F8CF4900B6BD52 /* Resources */ = {
			isa = PBXResourcesBuildPhase;
			buildActionMask = 2147483647;
			files = (
			);
			runOnlyForDeploymentPostprocessing = 0;
		};
/* End PBXResourcesBuildPhase section */

/* Begin PBXSourcesBuildPhase section */
		9234E8F023F8CF4600B6BD52 /* Sources */ = {
			isa = PBXSourcesBuildPhase;
			buildActionMask = 2147483647;
			files = (
				9234E8FC23F8CF4600B6BD52 /* ViewController.swift in Sources */,
				9234E8F823F8CF4600B6BD52 /* AppDelegate.swift in Sources */,
				9234E8FA23F8CF4600B6BD52 /* SceneDelegate.swift in Sources */,
			);
			runOnlyForDeploymentPostprocessing = 0;
		};
		9234E90623F8CF4900B6BD52 /* Sources */ = {
			isa = PBXSourcesBuildPhase;
			buildActionMask = 2147483647;
			files = (
				9234E90F23F8CF4900B6BD52 /* frontend_iosTests.swift in Sources */,
			);
			runOnlyForDeploymentPostprocessing = 0;
		};
		9234E91123F8CF4900B6BD52 /* Sources */ = {
			isa = PBXSourcesBuildPhase;
			buildActionMask = 2147483647;
			files = (
				9234E91A23F8CF4900B6BD52 /* frontend_iosUITests.swift in Sources */,
			);
			runOnlyForDeploymentPostprocessing = 0;
		};
/* End PBXSourcesBuildPhase section */

/* Begin PBXTargetDependency section */
		9234E90C23F8CF4900B6BD52 /* PBXTargetDependency */ = {
			isa = PBXTargetDependency;
			target = 9234E8F323F8CF4600B6BD52 /* frontend-ios */;
			targetProxy = 9234E90B23F8CF4900B6BD52 /* PBXContainerItemProxy */;
		};
		9234E91723F8CF4900B6BD52 /* PBXTargetDependency */ = {
			isa = PBXTargetDependency;
			target = 9234E8F323F8CF4600B6BD52 /* frontend-ios */;
			targetProxy = 9234E91623F8CF4900B6BD52 /* PBXContainerItemProxy */;
		};
/* End PBXTargetDependency section */

/* Begin PBXVariantGroup section */
		9234E8FD23F8CF4600B6BD52 /* Main.storyboard */ = {
			isa = PBXVariantGroup;
			children = (
				9234E8FE23F8CF4600B6BD52 /* Base */,
			);
			name = Main.storyboard;
			sourceTree = "<group>";
		};
		9234E90223F8CF4800B6BD52 /* LaunchScreen.storyboard */ = {
			isa = PBXVariantGroup;
			children = (
				9234E90323F8CF4800B6BD52 /* Base */,
			);
			name = LaunchScreen.storyboard;
			sourceTree = "<group>";
		};
/* End PBXVariantGroup section */

/* Begin XCBuildConfiguration section */
		9234E91C23F8CF4900B6BD52 /* Debug */ = {
			isa = XCBuildConfiguration;
			buildSettings = {
				ALWAYS_SEARCH_USER_PATHS = NO;
				CLANG_ANALYZER_NONNULL = YES;
				CLANG_ANALYZER_NUMBER_OBJECT_CONVERSION = YES_AGGRESSIVE;
				CLANG_CXX_LANGUAGE_STANDARD = "gnu++14";
				CLANG_CXX_LIBRARY = "libc++";
				CLANG_ENABLE_MODULES = YES;
				CLANG_ENABLE_OBJC_ARC = YES;
				CLANG_ENABLE_OBJC_WEAK = YES;
				CLANG_WARN_BLOCK_CAPTURE_AUTORELEASING = YES;
				CLANG_WARN_BOOL_CONVERSION = YES;
				CLANG_WARN_COMMA = YES;
				CLANG_WARN_CONSTANT_CONVERSION = YES;
				CLANG_WARN_DEPRECATED_OBJC_IMPLEMENTATIONS = YES;
				CLANG_WARN_DIRECT_OBJC_ISA_USAGE = YES_ERROR;
				CLANG_WARN_DOCUMENTATION_COMMENTS = YES;
				CLANG_WARN_EMPTY_BODY = YES;
				CLANG_WARN_ENUM_CONVERSION = YES;
				CLANG_WARN_INFINITE_RECURSION = YES;
				CLANG_WARN_INT_CONVERSION = YES;
				CLANG_WARN_NON_LITERAL_NULL_CONVERSION = YES;
				CLANG_WARN_OBJC_IMPLICIT_RETAIN_SELF = YES;
				CLANG_WARN_OBJC_LITERAL_CONVERSION = YES;
				CLANG_WARN_OBJC_ROOT_CLASS = YES_ERROR;
				CLANG_WARN_RANGE_LOOP_ANALYSIS = YES;
				CLANG_WARN_STRICT_PROTOTYPES = YES;
				CLANG_WARN_SUSPICIOUS_MOVE = YES;
				CLANG_WARN_UNGUARDED_AVAILABILITY = YES_AGGRESSIVE;
				CLANG_WARN_UNREACHABLE_CODE = YES;
				CLANG_WARN__DUPLICATE_METHOD_MATCH = YES;
				COPY_PHASE_STRIP = NO;
				DEBUG_INFORMATION_FORMAT = dwarf;
				ENABLE_STRICT_OBJC_MSGSEND = YES;
				ENABLE_TESTABILITY = YES;
				GCC_C_LANGUAGE_STANDARD = gnu11;
				GCC_DYNAMIC_NO_PIC = NO;
				GCC_NO_COMMON_BLOCKS = YES;
				GCC_OPTIMIZATION_LEVEL = 0;
				GCC_PREPROCESSOR_DEFINITIONS = (
					"DEBUG=1",
					"$(inherited)",
				);
				GCC_WARN_64_TO_32_BIT_CONVERSION = YES;
				GCC_WARN_ABOUT_RETURN_TYPE = YES_ERROR;
				GCC_WARN_UNDECLARED_SELECTOR = YES;
				GCC_WARN_UNINITIALIZED_AUTOS = YES_AGGRESSIVE;
				GCC_WARN_UNUSED_FUNCTION = YES;
				GCC_WARN_UNUSED_VARIABLE = YES;
				IPHONEOS_DEPLOYMENT_TARGET = 13.2;
				MTL_ENABLE_DEBUG_INFO = INCLUDE_SOURCE;
				MTL_FAST_MATH = YES;
				ONLY_ACTIVE_ARCH = YES;
				SDKROOT = iphoneos;
				SWIFT_ACTIVE_COMPILATION_CONDITIONS = DEBUG;
				SWIFT_OPTIMIZATION_LEVEL = "-Onone";
			};
			name = Debug;
		};
		9234E91D23F8CF4900B6BD52 /* Release */ = {
			isa = XCBuildConfiguration;
			buildSettings = {
				ALWAYS_SEARCH_USER_PATHS = NO;
				CLANG_ANALYZER_NONNULL = YES;
				CLANG_ANALYZER_NUMBER_OBJECT_CONVERSION = YES_AGGRESSIVE;
				CLANG_CXX_LANGUAGE_STANDARD = "gnu++14";
				CLANG_CXX_LIBRARY = "libc++";
				CLANG_ENABLE_MODULES = YES;
				CLANG_ENABLE_OBJC_ARC = YES;
				CLANG_ENABLE_OBJC_WEAK = YES;
				CLANG_WARN_BLOCK_CAPTURE_AUTORELEASING = YES;
				CLANG_WARN_BOOL_CONVERSION = YES;
				CLANG_WARN_COMMA = YES;
				CLANG_WARN_CONSTANT_CONVERSION = YES;
				CLANG_WARN_DEPRECATED_OBJC_IMPLEMENTATIONS = YES;
				CLANG_WARN_DIRECT_OBJC_ISA_USAGE = YES_ERROR;
				CLANG_WARN_DOCUMENTATION_COMMENTS = YES;
				CLANG_WARN_EMPTY_BODY = YES;
				CLANG_WARN_ENUM_CONVERSION = YES;
				CLANG_WARN_INFINITE_RECURSION = YES;
				CLANG_WARN_INT_CONVERSION = YES;
				CLANG_WARN_NON_LITERAL_NULL_CONVERSION = YES;
				CLANG_WARN_OBJC_IMPLICIT_RETAIN_SELF = YES;
				CLANG_WARN_OBJC_LITERAL_CONVERSION = YES;
				CLANG_WARN_OBJC_ROOT_CLASS = YES_ERROR;
				CLANG_WARN_RANGE_LOOP_ANALYSIS = YES;
				CLANG_WARN_STRICT_PROTOTYPES = YES;
				CLANG_WARN_SUSPICIOUS_MOVE = YES;
				CLANG_WARN_UNGUARDED_AVAILABILITY = YES_AGGRESSIVE;
				CLANG_WARN_UNREACHABLE_CODE = YES;
				CLANG_WARN__DUPLICATE_METHOD_MATCH = YES;
				COPY_PHASE_STRIP = NO;
				DEBUG_INFORMATION_FORMAT = "dwarf-with-dsym";
				ENABLE_NS_ASSERTIONS = NO;
				ENABLE_STRICT_OBJC_MSGSEND = YES;
				GCC_C_LANGUAGE_STANDARD = gnu11;
				GCC_NO_COMMON_BLOCKS = YES;
				GCC_WARN_64_TO_32_BIT_CONVERSION = YES;
				GCC_WARN_ABOUT_RETURN_TYPE = YES_ERROR;
				GCC_WARN_UNDECLARED_SELECTOR = YES;
				GCC_WARN_UNINITIALIZED_AUTOS = YES_AGGRESSIVE;
				GCC_WARN_UNUSED_FUNCTION = YES;
				GCC_WARN_UNUSED_VARIABLE = YES;
				IPHONEOS_DEPLOYMENT_TARGET = 13.2;
				MTL_ENABLE_DEBUG_INFO = NO;
				MTL_FAST_MATH = YES;
				SDKROOT = iphoneos;
				SWIFT_COMPILATION_MODE = wholemodule;
				SWIFT_OPTIMIZATION_LEVEL = "-O";
				VALIDATE_PRODUCT = YES;
			};
			name = Release;
		};
		9234E91F23F8CF4900B6BD52 /* Debug */ = {
			isa = XCBuildConfiguration;
			buildSettings = {
				ASSETCATALOG_COMPILER_APPICON_NAME = AppIcon;
				CODE_SIGN_STYLE = Automatic;
				DEVELOPMENT_TEAM = JZGGT99U9P;
				INFOPLIST_FILE = "frontend-ios/Info.plist";
				LD_RUNPATH_SEARCH_PATHS = (
					"$(inherited)",
					"@executable_path/Frameworks",
				);
				PRODUCT_BUNDLE_IDENTIFIER = "com.aryanarora.frontend-ios";
				PRODUCT_NAME = "$(TARGET_NAME)";
				SWIFT_VERSION = 5.0;
				TARGETED_DEVICE_FAMILY = "1,2";
			};
			name = Debug;
		};
		9234E92023F8CF4900B6BD52 /* Release */ = {
			isa = XCBuildConfiguration;
			buildSettings = {
				ASSETCATALOG_COMPILER_APPICON_NAME = AppIcon;
				CODE_SIGN_STYLE = Automatic;
				DEVELOPMENT_TEAM = JZGGT99U9P;
				INFOPLIST_FILE = "frontend-ios/Info.plist";
				LD_RUNPATH_SEARCH_PATHS = (
					"$(inherited)",
					"@executable_path/Frameworks",
				);
				PRODUCT_BUNDLE_IDENTIFIER = "com.aryanarora.frontend-ios";
				PRODUCT_NAME = "$(TARGET_NAME)";
				SWIFT_VERSION = 5.0;
				TARGETED_DEVICE_FAMILY = "1,2";
			};
			name = Release;
		};
		9234E92223F8CF4900B6BD52 /* Debug */ = {
			isa = XCBuildConfiguration;
			buildSettings = {
				ALWAYS_EMBED_SWIFT_STANDARD_LIBRARIES = YES;
				BUNDLE_LOADER = "$(TEST_HOST)";
				CODE_SIGN_STYLE = Automatic;
				DEVELOPMENT_TEAM = JZGGT99U9P;
				INFOPLIST_FILE = "frontend-iosTests/Info.plist";
				IPHONEOS_DEPLOYMENT_TARGET = 13.2;
				LD_RUNPATH_SEARCH_PATHS = (
					"$(inherited)",
					"@executable_path/Frameworks",
					"@loader_path/Frameworks",
				);
				PRODUCT_BUNDLE_IDENTIFIER = "com.aryanarora.frontend-iosTests";
				PRODUCT_NAME = "$(TARGET_NAME)";
				SWIFT_VERSION = 5.0;
				TARGETED_DEVICE_FAMILY = "1,2";
				TEST_HOST = "$(BUILT_PRODUCTS_DIR)/frontend-ios.app/frontend-ios";
			};
			name = Debug;
		};
		9234E92323F8CF4900B6BD52 /* Release */ = {
			isa = XCBuildConfiguration;
			buildSettings = {
				ALWAYS_EMBED_SWIFT_STANDARD_LIBRARIES = YES;
				BUNDLE_LOADER = "$(TEST_HOST)";
				CODE_SIGN_STYLE = Automatic;
				DEVELOPMENT_TEAM = JZGGT99U9P;
				INFOPLIST_FILE = "frontend-iosTests/Info.plist";
				IPHONEOS_DEPLOYMENT_TARGET = 13.2;
				LD_RUNPATH_SEARCH_PATHS = (
					"$(inherited)",
					"@executable_path/Frameworks",
					"@loader_path/Frameworks",
				);
				PRODUCT_BUNDLE_IDENTIFIER = "com.aryanarora.frontend-iosTests";
				PRODUCT_NAME = "$(TARGET_NAME)";
				SWIFT_VERSION = 5.0;
				TARGETED_DEVICE_FAMILY = "1,2";
				TEST_HOST = "$(BUILT_PRODUCTS_DIR)/frontend-ios.app/frontend-ios";
			};
			name = Release;
		};
		9234E92523F8CF4900B6BD52 /* Debug */ = {
			isa = XCBuildConfiguration;
			buildSettings = {
				ALWAYS_EMBED_SWIFT_STANDARD_LIBRARIES = YES;
				CODE_SIGN_STYLE = Automatic;
				DEVELOPMENT_TEAM = JZGGT99U9P;
				INFOPLIST_FILE = "frontend-iosUITests/Info.plist";
				LD_RUNPATH_SEARCH_PATHS = (
					"$(inherited)",
					"@executable_path/Frameworks",
					"@loader_path/Frameworks",
				);
				PRODUCT_BUNDLE_IDENTIFIER = "com.aryanarora.frontend-iosUITests";
				PRODUCT_NAME = "$(TARGET_NAME)";
				SWIFT_VERSION = 5.0;
				TARGETED_DEVICE_FAMILY = "1,2";
				TEST_TARGET_NAME = "frontend-ios";
			};
			name = Debug;
		};
		9234E92623F8CF4900B6BD52 /* Release */ = {
			isa = XCBuildConfiguration;
			buildSettings = {
				ALWAYS_EMBED_SWIFT_STANDARD_LIBRARIES = YES;
				CODE_SIGN_STYLE = Automatic;
				DEVELOPMENT_TEAM = JZGGT99U9P;
				INFOPLIST_FILE = "frontend-iosUITests/Info.plist";
				LD_RUNPATH_SEARCH_PATHS = (
					"$(inherited)",
					"@executable_path/Frameworks",
					"@loader_path/Frameworks",
				);
				PRODUCT_BUNDLE_IDENTIFIER = "com.aryanarora.frontend-iosUITests";
				PRODUCT_NAME = "$(TARGET_NAME)";
				SWIFT_VERSION = 5.0;
				TARGETED_DEVICE_FAMILY = "1,2";
				TEST_TARGET_NAME = "frontend-ios";
			};
			name = Release;
		};
/* End XCBuildConfiguration section */

/* Begin XCConfigurationList section */
		9234E8EF23F8CF4600B6BD52 /* Build configuration list for PBXProject "frontend-ios" */ = {
			isa = XCConfigurationList;
			buildConfigurations = (
				9234E91C23F8CF4900B6BD52 /* Debug */,
				9234E91D23F8CF4900B6BD52 /* Release */,
			);
			defaultConfigurationIsVisible = 0;
			defaultConfigurationName = Release;
		};
		9234E91E23F8CF4900B6BD52 /* Build configuration list for PBXNativeTarget "frontend-ios" */ = {
			isa = XCConfigurationList;
			buildConfigurations = (
				9234E91F23F8CF4900B6BD52 /* Debug */,
				9234E92023F8CF4900B6BD52 /* Release */,
			);
			defaultConfigurationIsVisible = 0;
			defaultConfigurationName = Release;
		};
		9234E92123F8CF4900B6BD52 /* Build configuration list for PBXNativeTarget "frontend-iosTests" */ = {
			isa = XCConfigurationList;
			buildConfigurations = (
				9234E92223F8CF4900B6BD52 /* Debug */,
				9234E92323F8CF4900B6BD52 /* Release */,
			);
			defaultConfigurationIsVisible = 0;
			defaultConfigurationName = Release;
		};
		9234E92423F8CF4900B6BD52 /* Build configuration list for PBXNativeTarget "frontend-iosUITests" */ = {
			isa = XCConfigurationList;
			buildConfigurations = (
				9234E92523F8CF4900B6BD52 /* Debug */,
				9234E92623F8CF4900B6BD52 /* Release */,
			);
			defaultConfigurationIsVisible = 0;
			defaultConfigurationName = Release;
		};
/* End XCConfigurationList section */
	};
	rootObject = 9234E8EC23F8CF4600B6BD52 /* Project object */;
}
